// !$*UTF8*$!
{
	archiveVersion = 1;
	classes = {
	};
	objectVersion = 56;
	objects = {

/* Begin PBXBuildFile section */
		53C51B2029ED47B4002CE389 /* AppDelegate.m in Sources */ = {isa = PBXBuildFile; fileRef = 53C51B1F29ED47B4002CE389 /* AppDelegate.m */; };
		53C51B2329ED47B4002CE389 /* SceneDelegate.m in Sources */ = {isa = PBXBuildFile; fileRef = 53C51B2229ED47B4002CE389 /* SceneDelegate.m */; };
		53C51B2629ED47B4002CE389 /* ViewController.m in Sources */ = {isa = PBXBuildFile; fileRef = 53C51B2529ED47B4002CE389 /* ViewController.m */; };
		53C51B2929ED47B4002CE389 /* Main.storyboard in Resources */ = {isa = PBXBuildFile; fileRef = 53C51B2729ED47B4002CE389 /* Main.storyboard */; };
		53C51B2B29ED47B6002CE389 /* Assets.xcassets in Resources */ = {isa = PBXBuildFile; fileRef = 53C51B2A29ED47B6002CE389 /* Assets.xcassets */; };
		53C51B2E29ED47B6002CE389 /* LaunchScreen.storyboard in Resources */ = {isa = PBXBuildFile; fileRef = 53C51B2C29ED47B6002CE389 /* LaunchScreen.storyboard */; };
		53C51B3129ED47B6002CE389 /* main.m in Sources */ = {isa = PBXBuildFile; fileRef = 53C51B3029ED47B6002CE389 /* main.m */; };
		53C51B3B29ED47B6002CE389 /* testReplayKitTests.m in Sources */ = {isa = PBXBuildFile; fileRef = 53C51B3A29ED47B6002CE389 /* testReplayKitTests.m */; };
		53C51B4529ED47B6002CE389 /* testReplayKitUITests.m in Sources */ = {isa = PBXBuildFile; fileRef = 53C51B4429ED47B6002CE389 /* testReplayKitUITests.m */; };
		53C51B4729ED47B6002CE389 /* testReplayKitUITestsLaunchTests.m in Sources */ = {isa = PBXBuildFile; fileRef = 53C51B4629ED47B6002CE389 /* testReplayKitUITestsLaunchTests.m */; };
/* End PBXBuildFile section */

/* Begin PBXContainerItemProxy section */
		53C51B3729ED47B6002CE389 /* PBXContainerItemProxy */ = {
			isa = PBXContainerItemProxy;
			containerPortal = 53C51B1329ED47B4002CE389 /* Project object */;
			proxyType = 1;
			remoteGlobalIDString = 53C51B1A29ED47B4002CE389;
			remoteInfo = testReplayKit;
		};
		53C51B4129ED47B6002CE389 /* PBXContainerItemProxy */ = {
			isa = PBXContainerItemProxy;
			containerPortal = 53C51B1329ED47B4002CE389 /* Project object */;
			proxyType = 1;
			remoteGlobalIDString = 53C51B1A29ED47B4002CE389;
			remoteInfo = testReplayKit;
		};
/* End PBXContainerItemProxy section */

/* Begin PBXFileReference section */
		53C51B1B29ED47B4002CE389 /* testReplayKit.app */ = {isa = PBXFileReference; explicitFileType = wrapper.application; includeInIndex = 0; path = testReplayKit.app; sourceTree = BUILT_PRODUCTS_DIR; };
		53C51B1E29ED47B4002CE389 /* AppDelegate.h */ = {isa = PBXFileReference; lastKnownFileType = sourcecode.c.h; path = AppDelegate.h; sourceTree = "<group>"; };
		53C51B1F29ED47B4002CE389 /* AppDelegate.m */ = {isa = PBXFileReference; lastKnownFileType = sourcecode.c.objc; path = AppDelegate.m; sourceTree = "<group>"; };
		53C51B2129ED47B4002CE389 /* SceneDelegate.h */ = {isa = PBXFileReference; lastKnownFileType = sourcecode.c.h; path = SceneDelegate.h; sourceTree = "<group>"; };
		53C51B2229ED47B4002CE389 /* SceneDelegate.m */ = {isa = PBXFileReference; lastKnownFileType = sourcecode.c.objc; path = SceneDelegate.m; sourceTree = "<group>"; };
		53C51B2429ED47B4002CE389 /* ViewController.h */ = {isa = PBXFileReference; lastKnownFileType = sourcecode.c.h; path = ViewController.h; sourceTree = "<group>"; };
		53C51B2529ED47B4002CE389 /* ViewController.m */ = {isa = PBXFileReference; lastKnownFileType = sourcecode.c.objc; path = ViewController.m; sourceTree = "<group>"; };
		53C51B2829ED47B4002CE389 /* Base */ = {isa = PBXFileReference; lastKnownFileType = file.storyboard; name = Base; path = Base.lproj/Main.storyboard; sourceTree = "<group>"; };
		53C51B2A29ED47B6002CE389 /* Assets.xcassets */ = {isa = PBXFileReference; lastKnownFileType = folder.assetcatalog; path = Assets.xcassets; sourceTree = "<group>"; };
		53C51B2D29ED47B6002CE389 /* Base */ = {isa = PBXFileReference; lastKnownFileType = file.storyboard; name = Base; path = Base.lproj/LaunchScreen.storyboard; sourceTree = "<group>"; };
		53C51B2F29ED47B6002CE389 /* Info.plist */ = {isa = PBXFileReference; lastKnownFileType = text.plist.xml; path = Info.plist; sourceTree = "<group>"; };
		53C51B3029ED47B6002CE389 /* main.m */ = {isa = PBXFileReference; lastKnownFileType = sourcecode.c.objc; path = main.m; sourceTree = "<group>"; };
		53C51B3629ED47B6002CE389 /* testReplayKitTests.xctest */ = {isa = PBXFileReference; explicitFileType = wrapper.cfbundle; includeInIndex = 0; path = testReplayKitTests.xctest; sourceTree = BUILT_PRODUCTS_DIR; };
		53C51B3A29ED47B6002CE389 /* testReplayKitTests.m */ = {isa = PBXFileReference; lastKnownFileType = sourcecode.c.objc; path = testReplayKitTests.m; sourceTree = "<group>"; };
		53C51B4029ED47B6002CE389 /* testReplayKitUITests.xctest */ = {isa = PBXFileReference; explicitFileType = wrapper.cfbundle; includeInIndex = 0; path = testReplayKitUITests.xctest; sourceTree = BUILT_PRODUCTS_DIR; };
		53C51B4429ED47B6002CE389 /* testReplayKitUITests.m */ = {isa = PBXFileReference; lastKnownFileType = sourcecode.c.objc; path = testReplayKitUITests.m; sourceTree = "<group>"; };
		53C51B4629ED47B6002CE389 /* testReplayKitUITestsLaunchTests.m */ = {isa = PBXFileReference; lastKnownFileType = sourcecode.c.objc; path = testReplayKitUITestsLaunchTests.m; sourceTree = "<group>"; };
/* End PBXFileReference section */

/* Begin PBXFrameworksBuildPhase section */
		53C51B1829ED47B4002CE389 /* Frameworks */ = {
			isa = PBXFrameworksBuildPhase;
			buildActionMask = 2147483647;
			files = (
			);
			runOnlyForDeploymentPostprocessing = 0;
		};
		53C51B3329ED47B6002CE389 /* Frameworks */ = {
			isa = PBXFrameworksBuildPhase;
			buildActionMask = 2147483647;
			files = (
			);
			runOnlyForDeploymentPostprocessing = 0;
		};
		53C51B3D29ED47B6002CE389 /* Frameworks */ = {
			isa = PBXFrameworksBuildPhase;
			buildActionMask = 2147483647;
			files = (
			);
			runOnlyForDeploymentPostprocessing = 0;
		};
/* End PBXFrameworksBuildPhase section */

/* Begin PBXGroup section */
		53C51B1229ED47B4002CE389 = {
			isa = PBXGroup;
			children = (
				53C51B1D29ED47B4002CE389 /* testReplayKit */,
				53C51B3929ED47B6002CE389 /* testReplayKitTests */,
				53C51B4329ED47B6002CE389 /* testReplayKitUITests */,
				53C51B1C29ED47B4002CE389 /* Products */,
			);
			sourceTree = "<group>";
		};
		53C51B1C29ED47B4002CE389 /* Products */ = {
			isa = PBXGroup;
			children = (
				53C51B1B29ED47B4002CE389 /* testReplayKit.app */,
				53C51B3629ED47B6002CE389 /* testReplayKitTests.xctest */,
				53C51B4029ED47B6002CE389 /* testReplayKitUITests.xctest */,
			);
			name = Products;
			sourceTree = "<group>";
		};
		53C51B1D29ED47B4002CE389 /* testReplayKit */ = {
			isa = PBXGroup;
			children = (
				53C51B1E29ED47B4002CE389 /* AppDelegate.h */,
				53C51B1F29ED47B4002CE389 /* AppDelegate.m */,
				53C51B2129ED47B4002CE389 /* SceneDelegate.h */,
				53C51B2229ED47B4002CE389 /* SceneDelegate.m */,
				53C51B2429ED47B4002CE389 /* ViewController.h */,
				53C51B2529ED47B4002CE389 /* ViewController.m */,
				53C51B2729ED47B4002CE389 /* Main.storyboard */,
				53C51B2A29ED47B6002CE389 /* Assets.xcassets */,
				53C51B2C29ED47B6002CE389 /* LaunchScreen.storyboard */,
				53C51B2F29ED47B6002CE389 /* Info.plist */,
				53C51B3029ED47B6002CE389 /* main.m */,
			);
			path = testReplayKit;
			sourceTree = "<group>";
		};
		53C51B3929ED47B6002CE389 /* testReplayKitTests */ = {
			isa = PBXGroup;
			children = (
				53C51B3A29ED47B6002CE389 /* testReplayKitTests.m */,
			);
			path = testReplayKitTests;
			sourceTree = "<group>";
		};
		53C51B4329ED47B6002CE389 /* testReplayKitUITests */ = {
			isa = PBXGroup;
			children = (
				53C51B4429ED47B6002CE389 /* testReplayKitUITests.m */,
				53C51B4629ED47B6002CE389 /* testReplayKitUITestsLaunchTests.m */,
			);
			path = testReplayKitUITests;
			sourceTree = "<group>";
		};
/* End PBXGroup section */

/* Begin PBXNativeTarget section */
		53C51B1A29ED47B4002CE389 /* testReplayKit */ = {
			isa = PBXNativeTarget;
			buildConfigurationList = 53C51B4A29ED47B6002CE389 /* Build configuration list for PBXNativeTarget "testReplayKit" */;
			buildPhases = (
				53C51B1729ED47B4002CE389 /* Sources */,
				53C51B1829ED47B4002CE389 /* Frameworks */,
				53C51B1929ED47B4002CE389 /* Resources */,
			);
			buildRules = (
			);
			dependencies = (
			);
			name = testReplayKit;
			productName = testReplayKit;
			productReference = 53C51B1B29ED47B4002CE389 /* testReplayKit.app */;
			productType = "com.apple.product-type.application";
		};
		53C51B3529ED47B6002CE389 /* testReplayKitTests */ = {
			isa = PBXNativeTarget;
			buildConfigurationList = 53C51B4D29ED47B6002CE389 /* Build configuration list for PBXNativeTarget "testReplayKitTests" */;
			buildPhases = (
				53C51B3229ED47B6002CE389 /* Sources */,
				53C51B3329ED47B6002CE389 /* Frameworks */,
				53C51B3429ED47B6002CE389 /* Resources */,
			);
			buildRules = (
			);
			dependencies = (
				53C51B3829ED47B6002CE389 /* PBXTargetDependency */,
			);
			name = testReplayKitTests;
			productName = testReplayKitTests;
			productReference = 53C51B3629ED47B6002CE389 /* testReplayKitTests.xctest */;
			productType = "com.apple.product-type.bundle.unit-test";
		};
		53C51B3F29ED47B6002CE389 /* testReplayKitUITests */ = {
			isa = PBXNativeTarget;
			buildConfigurationList = 53C51B5029ED47B6002CE389 /* Build configuration list for PBXNativeTarget "testReplayKitUITests" */;
			buildPhases = (
				53C51B3C29ED47B6002CE389 /* Sources */,
				53C51B3D29ED47B6002CE389 /* Frameworks */,
				53C51B3E29ED47B6002CE389 /* Resources */,
			);
			buildRules = (
			);
			dependencies = (
				53C51B4229ED47B6002CE389 /* PBXTargetDependency */,
			);
			name = testReplayKitUITests;
			productName = testReplayKitUITests;
			productReference = 53C51B4029ED47B6002CE389 /* testReplayKitUITests.xctest */;
			productType = "com.apple.product-type.bundle.ui-testing";
		};
/* End PBXNativeTarget section */

/* Begin PBXProject section */
		53C51B1329ED47B4002CE389 /* Project object */ = {
			isa = PBXProject;
			attributes = {
				BuildIndependentTargetsInParallel = 1;
				LastUpgradeCheck = 1420;
				TargetAttributes = {
					53C51B1A29ED47B4002CE389 = {
						CreatedOnToolsVersion = 14.2;
					};
					53C51B3529ED47B6002CE389 = {
						CreatedOnToolsVersion = 14.2;
						TestTargetID = 53C51B1A29ED47B4002CE389;
					};
					53C51B3F29ED47B6002CE389 = {
						CreatedOnToolsVersion = 14.2;
						TestTargetID = 53C51B1A29ED47B4002CE389;
					};
				};
			};
			buildConfigurationList = 53C51B1629ED47B4002CE389 /* Build configuration list for PBXProject "testReplayKit" */;
			compatibilityVersion = "Xcode 14.0";
			developmentRegion = en;
			hasScannedForEncodings = 0;
			knownRegions = (
				en,
				Base,
			);
			mainGroup = 53C51B1229ED47B4002CE389;
			productRefGroup = 53C51B1C29ED47B4002CE389 /* Products */;
			projectDirPath = "";
			projectRoot = "";
			targets = (
				53C51B1A29ED47B4002CE389 /* testReplayKit */,
				53C51B3529ED47B6002CE389 /* testReplayKitTests */,
				53C51B3F29ED47B6002CE389 /* testReplayKitUITests */,
			);
		};
/* End PBXProject section */

/* Begin PBXResourcesBuildPhase section */
		53C51B1929ED47B4002CE389 /* Resources */ = {
			isa = PBXResourcesBuildPhase;
			buildActionMask = 2147483647;
			files = (
				53C51B2E29ED47B6002CE389 /* LaunchScreen.storyboard in Resources */,
				53C51B2B29ED47B6002CE389 /* Assets.xcassets in Resources */,
				53C51B2929ED47B4002CE389 /* Main.storyboard in Resources */,
			);
			runOnlyForDeploymentPostprocessing = 0;
		};
		53C51B3429ED47B6002CE389 /* Resources */ = {
			isa = PBXResourcesBuildPhase;
			buildActionMask = 2147483647;
			files = (
			);
			runOnlyForDeploymentPostprocessing = 0;
		};
		53C51B3E29ED47B6002CE389 /* Resources */ = {
			isa = PBXResourcesBuildPhase;
			buildActionMask = 2147483647;
			files = (
			);
			runOnlyForDeploymentPostprocessing = 0;
		};
/* End PBXResourcesBuildPhase section */

/* Begin PBXSourcesBuildPhase section */
		53C51B1729ED47B4002CE389 /* Sources */ = {
			isa = PBXSourcesBuildPhase;
			buildActionMask = 2147483647;
			files = (
				53C51B2629ED47B4002CE389 /* ViewController.m in Sources */,
				53C51B2029ED47B4002CE389 /* AppDelegate.m in Sources */,
				53C51B3129ED47B6002CE389 /* main.m in Sources */,
				53C51B2329ED47B4002CE389 /* SceneDelegate.m in Sources */,
			);
			runOnlyForDeploymentPostprocessing = 0;
		};
		53C51B3229ED47B6002CE389 /* Sources */ = {
			isa = PBXSourcesBuildPhase;
			buildActionMask = 2147483647;
			files = (
				53C51B3B29ED47B6002CE389 /* testReplayKitTests.m in Sources */,
			);
			runOnlyForDeploymentPostprocessing = 0;
		};
		53C51B3C29ED47B6002CE389 /* Sources */ = {
			isa = PBXSourcesBuildPhase;
			buildActionMask = 2147483647;
			files = (
				53C51B4729ED47B6002CE389 /* testReplayKitUITestsLaunchTests.m in Sources */,
				53C51B4529ED47B6002CE389 /* testReplayKitUITests.m in Sources */,
			);
			runOnlyForDeploymentPostprocessing = 0;
		};
/* End PBXSourcesBuildPhase section */

/* Begin PBXTargetDependency section */
		53C51B3829ED47B6002CE389 /* PBXTargetDependency */ = {
			isa = PBXTargetDependency;
			target = 53C51B1A29ED47B4002CE389 /* testReplayKit */;
			targetProxy = 53C51B3729ED47B6002CE389 /* PBXContainerItemProxy */;
		};
		53C51B4229ED47B6002CE389 /* PBXTargetDependency */ = {
			isa = PBXTargetDependency;
			target = 53C51B1A29ED47B4002CE389 /* testReplayKit */;
			targetProxy = 53C51B4129ED47B6002CE389 /* PBXContainerItemProxy */;
		};
/* End PBXTargetDependency section */

/* Begin PBXVariantGroup section */
		53C51B2729ED47B4002CE389 /* Main.storyboard */ = {
			isa = PBXVariantGroup;
			children = (
				53C51B2829ED47B4002CE389 /* Base */,
			);
			name = Main.storyboard;
			sourceTree = "<group>";
		};
		53C51B2C29ED47B6002CE389 /* LaunchScreen.storyboard */ = {
			isa = PBXVariantGroup;
			children = (
				53C51B2D29ED47B6002CE389 /* Base */,
			);
			name = LaunchScreen.storyboard;
			sourceTree = "<group>";
		};
/* End PBXVariantGroup section */

/* Begin XCBuildConfiguration section */
		53C51B4829ED47B6002CE389 /* Debug */ = {
			isa = XCBuildConfiguration;
			buildSettings = {
				ALWAYS_SEARCH_USER_PATHS = NO;
				CLANG_ANALYZER_NONNULL = YES;
				CLANG_ANALYZER_NUMBER_OBJECT_CONVERSION = YES_AGGRESSIVE;
				CLANG_CXX_LANGUAGE_STANDARD = "gnu++20";
				CLANG_ENABLE_MODULES = YES;
				CLANG_ENABLE_OBJC_ARC = YES;
				CLANG_ENABLE_OBJC_WEAK = YES;
				CLANG_WARN_BLOCK_CAPTURE_AUTORELEASING = YES;
				CLANG_WARN_BOOL_CONVERSION = YES;
				CLANG_WARN_COMMA = YES;
				CLANG_WARN_CONSTANT_CONVERSION = YES;
				CLANG_WARN_DEPRECATED_OBJC_IMPLEMENTATIONS = YES;
				CLANG_WARN_DIRECT_OBJC_ISA_USAGE = YES_ERROR;
				CLANG_WARN_DOCUMENTATION_COMMENTS = YES;
				CLANG_WARN_EMPTY_BODY = YES;
				CLANG_WARN_ENUM_CONVERSION = YES;
				CLANG_WARN_INFINITE_RECURSION = YES;
				CLANG_WARN_INT_CONVERSION = YES;
				CLANG_WARN_NON_LITERAL_NULL_CONVERSION = YES;
				CLANG_WARN_OBJC_IMPLICIT_RETAIN_SELF = YES;
				CLANG_WARN_OBJC_LITERAL_CONVERSION = YES;
				CLANG_WARN_OBJC_ROOT_CLASS = YES_ERROR;
				CLANG_WARN_QUOTED_INCLUDE_IN_FRAMEWORK_HEADER = YES;
				CLANG_WARN_RANGE_LOOP_ANALYSIS = YES;
				CLANG_WARN_STRICT_PROTOTYPES = YES;
				CLANG_WARN_SUSPICIOUS_MOVE = YES;
				CLANG_WARN_UNGUARDED_AVAILABILITY = YES_AGGRESSIVE;
				CLANG_WARN_UNREACHABLE_CODE = YES;
				CLANG_WARN__DUPLICATE_METHOD_MATCH = YES;
				COPY_PHASE_STRIP = NO;
				DEBUG_INFORMATION_FORMAT = dwarf;
				ENABLE_STRICT_OBJC_MSGSEND = YES;
				ENABLE_TESTABILITY = YES;
				GCC_C_LANGUAGE_STANDARD = gnu11;
				GCC_DYNAMIC_NO_PIC = NO;
				GCC_NO_COMMON_BLOCKS = YES;
				GCC_OPTIMIZATION_LEVEL = 0;
				GCC_PREPROCESSOR_DEFINITIONS = (
					"DEBUG=1",
					"$(inherited)",
				);
				GCC_WARN_64_TO_32_BIT_CONVERSION = YES;
				GCC_WARN_ABOUT_RETURN_TYPE = YES_ERROR;
				GCC_WARN_UNDECLARED_SELECTOR = YES;
				GCC_WARN_UNINITIALIZED_AUTOS = YES_AGGRESSIVE;
				GCC_WARN_UNUSED_FUNCTION = YES;
				GCC_WARN_UNUSED_VARIABLE = YES;
				IPHONEOS_DEPLOYMENT_TARGET = 16.2;
				MTL_ENABLE_DEBUG_INFO = INCLUDE_SOURCE;
				MTL_FAST_MATH = YES;
				ONLY_ACTIVE_ARCH = YES;
				SDKROOT = iphoneos;
			};
			name = Debug;
		};
		53C51B4929ED47B6002CE389 /* Release */ = {
			isa = XCBuildConfiguration;
			buildSettings = {
				ALWAYS_SEARCH_USER_PATHS = NO;
				CLANG_ANALYZER_NONNULL = YES;
				CLANG_ANALYZER_NUMBER_OBJECT_CONVERSION = YES_AGGRESSIVE;
				CLANG_CXX_LANGUAGE_STANDARD = "gnu++20";
				CLANG_ENABLE_MODULES = YES;
				CLANG_ENABLE_OBJC_ARC = YES;
				CLANG_ENABLE_OBJC_WEAK = YES;
				CLANG_WARN_BLOCK_CAPTURE_AUTORELEASING = YES;
				CLANG_WARN_BOOL_CONVERSION = YES;
				CLANG_WARN_COMMA = YES;
				CLANG_WARN_CONSTANT_CONVERSION = YES;
				CLANG_WARN_DEPRECATED_OBJC_IMPLEMENTATIONS = YES;
				CLANG_WARN_DIRECT_OBJC_ISA_USAGE = YES_ERROR;
				CLANG_WARN_DOCUMENTATION_COMMENTS = YES;
				CLANG_WARN_EMPTY_BODY = YES;
				CLANG_WARN_ENUM_CONVERSION = YES;
				CLANG_WARN_INFINITE_RECURSION = YES;
				CLANG_WARN_INT_CONVERSION = YES;
				CLANG_WARN_NON_LITERAL_NULL_CONVERSION = YES;
				CLANG_WARN_OBJC_IMPLICIT_RETAIN_SELF = YES;
				CLANG_WARN_OBJC_LITERAL_CONVERSION = YES;
				CLANG_WARN_OBJC_ROOT_CLASS = YES_ERROR;
				CLANG_WARN_QUOTED_INCLUDE_IN_FRAMEWORK_HEADER = YES;
				CLANG_WARN_RANGE_LOOP_ANALYSIS = YES;
				CLANG_WARN_STRICT_PROTOTYPES = YES;
				CLANG_WARN_SUSPICIOUS_MOVE = YES;
				CLANG_WARN_UNGUARDED_AVAILABILITY = YES_AGGRESSIVE;
				CLANG_WARN_UNREACHABLE_CODE = YES;
				CLANG_WARN__DUPLICATE_METHOD_MATCH = YES;
				COPY_PHASE_STRIP = NO;
				DEBUG_INFORMATION_FORMAT = "dwarf-with-dsym";
				ENABLE_NS_ASSERTIONS = NO;
				ENABLE_STRICT_OBJC_MSGSEND = YES;
				GCC_C_LANGUAGE_STANDARD = gnu11;
				GCC_NO_COMMON_BLOCKS = YES;
				GCC_WARN_64_TO_32_BIT_CONVERSION = YES;
				GCC_WARN_ABOUT_RETURN_TYPE = YES_ERROR;
				GCC_WARN_UNDECLARED_SELECTOR = YES;
				GCC_WARN_UNINITIALIZED_AUTOS = YES_AGGRESSIVE;
				GCC_WARN_UNUSED_FUNCTION = YES;
				GCC_WARN_UNUSED_VARIABLE = YES;
				IPHONEOS_DEPLOYMENT_TARGET = 16.2;
				MTL_ENABLE_DEBUG_INFO = NO;
				MTL_FAST_MATH = YES;
				SDKROOT = iphoneos;
				VALIDATE_PRODUCT = YES;
			};
			name = Release;
		};
		53C51B4B29ED47B6002CE389 /* Debug */ = {
			isa = XCBuildConfiguration;
			buildSettings = {
				ASSETCATALOG_COMPILER_APPICON_NAME = AppIcon;
				ASSETCATALOG_COMPILER_GLOBAL_ACCENT_COLOR_NAME = AccentColor;
				CODE_SIGN_STYLE = Automatic;
				CURRENT_PROJECT_VERSION = 1;
				DEVELOPMENT_TEAM = 879K89DYGH;
				GENERATE_INFOPLIST_FILE = YES;
				INFOPLIST_FILE = testReplayKit/Info.plist;
				INFOPLIST_KEY_UIApplicationSupportsIndirectInputEvents = YES;
				INFOPLIST_KEY_UILaunchStoryboardName = LaunchScreen;
				INFOPLIST_KEY_UIMainStoryboardFile = Main;
				INFOPLIST_KEY_UISupportedInterfaceOrientations_iPad = "UIInterfaceOrientationPortrait UIInterfaceOrientationPortraitUpsideDown UIInterfaceOrientationLandscapeLeft UIInterfaceOrientationLandscapeRight";
				INFOPLIST_KEY_UISupportedInterfaceOrientations_iPhone = "UIInterfaceOrientationPortrait UIInterfaceOrientationLandscapeLeft UIInterfaceOrientationLandscapeRight";
				LD_RUNPATH_SEARCH_PATHS = (
					"$(inherited)",
					"@executable_path/Frameworks",
				);
				MARKETING_VERSION = 1.0;
				PRODUCT_BUNDLE_IDENTIFIER = yzzy.testReplayKit;
				PRODUCT_NAME = "$(TARGET_NAME)";
				SWIFT_EMIT_LOC_STRINGS = YES;
				TARGETED_DEVICE_FAMILY = "1,2";
			};
			name = Debug;
		};
		53C51B4C29ED47B6002CE389 /* Release */ = {
			isa = XCBuildConfiguration;
			buildSettings = {
				ASSETCATALOG_COMPILER_APPICON_NAME = AppIcon;
				ASSETCATALOG_COMPILER_GLOBAL_ACCENT_COLOR_NAME = AccentColor;
				CODE_SIGN_STYLE = Automatic;
				CURRENT_PROJECT_VERSION = 1;
				DEVELOPMENT_TEAM = 879K89DYGH;
				GENERATE_INFOPLIST_FILE = YES;
				INFOPLIST_FILE = testReplayKit/Info.plist;
				INFOPLIST_KEY_UIApplicationSupportsIndirectInputEvents = YES;
				INFOPLIST_KEY_UILaunchStoryboardName = LaunchScreen;
				INFOPLIST_KEY_UIMainStoryboardFile = Main;
				INFOPLIST_KEY_UISupportedInterfaceOrientations_iPad = "UIInterfaceOrientationPortrait UIInterfaceOrientationPortraitUpsideDown UIInterfaceOrientationLandscapeLeft UIInterfaceOrientationLandscapeRight";
				INFOPLIST_KEY_UISupportedInterfaceOrientations_iPhone = "UIInterfaceOrientationPortrait UIInterfaceOrientationLandscapeLeft UIInterfaceOrientationLandscapeRight";
				LD_RUNPATH_SEARCH_PATHS = (
					"$(inherited)",
					"@executable_path/Frameworks",
				);
				MARKETING_VERSION = 1.0;
				PRODUCT_BUNDLE_IDENTIFIER = yzzy.testReplayKit;
				PRODUCT_NAME = "$(TARGET_NAME)";
				SWIFT_EMIT_LOC_STRINGS = YES;
				TARGETED_DEVICE_FAMILY = "1,2";
			};
			name = Release;
		};
		53C51B4E29ED47B6002CE389 /* Debug */ = {
			isa = XCBuildConfiguration;
			buildSettings = {
				BUNDLE_LOADER = "$(TEST_HOST)";
				CODE_SIGN_STYLE = Automatic;
				CURRENT_PROJECT_VERSION = 1;
				DEVELOPMENT_TEAM = 879K89DYGH;
				GENERATE_INFOPLIST_FILE = YES;
				IPHONEOS_DEPLOYMENT_TARGET = 16.2;
				MARKETING_VERSION = 1.0;
				PRODUCT_BUNDLE_IDENTIFIER = yzzy.testReplayKitTests;
				PRODUCT_NAME = "$(TARGET_NAME)";
				SWIFT_EMIT_LOC_STRINGS = NO;
				TARGETED_DEVICE_FAMILY = "1,2";
				TEST_HOST = "$(BUILT_PRODUCTS_DIR)/testReplayKit.app/$(BUNDLE_EXECUTABLE_FOLDER_PATH)/testReplayKit";
			};
			name = Debug;
		};
		53C51B4F29ED47B6002CE389 /* Release */ = {
			isa = XCBuildConfiguration;
			buildSettings = {
				BUNDLE_LOADER = "$(TEST_HOST)";
				CODE_SIGN_STYLE = Automatic;
				CURRENT_PROJECT_VERSION = 1;
				DEVELOPMENT_TEAM = 879K89DYGH;
				GENERATE_INFOPLIST_FILE = YES;
				IPHONEOS_DEPLOYMENT_TARGET = 16.2;
				MARKETING_VERSION = 1.0;
				PRODUCT_BUNDLE_IDENTIFIER = yzzy.testReplayKitTests;
				PRODUCT_NAME = "$(TARGET_NAME)";
				SWIFT_EMIT_LOC_STRINGS = NO;
				TARGETED_DEVICE_FAMILY = "1,2";
				TEST_HOST = "$(BUILT_PRODUCTS_DIR)/testReplayKit.app/$(BUNDLE_EXECUTABLE_FOLDER_PATH)/testReplayKit";
			};
			name = Release;
		};
		53C51B5129ED47B6002CE389 /* Debug */ = {
			isa = XCBuildConfiguration;
			buildSettings = {
				CODE_SIGN_STYLE = Automatic;
				CURRENT_PROJECT_VERSION = 1;
				DEVELOPMENT_TEAM = 879K89DYGH;
				GENERATE_INFOPLIST_FILE = YES;
				MARKETING_VERSION = 1.0;
				PRODUCT_BUNDLE_IDENTIFIER = yzzy.testReplayKitUITests;
				PRODUCT_NAME = "$(TARGET_NAME)";
				SWIFT_EMIT_LOC_STRINGS = NO;
				TARGETED_DEVICE_FAMILY = "1,2";
				TEST_TARGET_NAME = testReplayKit;
			};
			name = Debug;
		};
		53C51B5229ED47B6002CE389 /* Release */ = {
			isa = XCBuildConfiguration;
			buildSettings = {
				CODE_SIGN_STYLE = Automatic;
				CURRENT_PROJECT_VERSION = 1;
				DEVELOPMENT_TEAM = 879K89DYGH;
				GENERATE_INFOPLIST_FILE = YES;
				MARKETING_VERSION = 1.0;
				PRODUCT_BUNDLE_IDENTIFIER = yzzy.testReplayKitUITests;
				PRODUCT_NAME = "$(TARGET_NAME)";
				SWIFT_EMIT_LOC_STRINGS = NO;
				TARGETED_DEVICE_FAMILY = "1,2";
				TEST_TARGET_NAME = testReplayKit;
			};
			name = Release;
		};
/* End XCBuildConfiguration section */

/* Begin XCConfigurationList section */
		53C51B1629ED47B4002CE389 /* Build configuration list for PBXProject "testReplayKit" */ = {
			isa = XCConfigurationList;
			buildConfigurations = (
				53C51B4829ED47B6002CE389 /* Debug */,
				53C51B4929ED47B6002CE389 /* Release */,
			);
			defaultConfigurationIsVisible = 0;
			defaultConfigurationName = Release;
		};
		53C51B4A29ED47B6002CE389 /* Build configuration list for PBXNativeTarget "testReplayKit" */ = {
			isa = XCConfigurationList;
			buildConfigurations = (
				53C51B4B29ED47B6002CE389 /* Debug */,
				53C51B4C29ED47B6002CE389 /* Release */,
			);
			defaultConfigurationIsVisible = 0;
			defaultConfigurationName = Release;
		};
		53C51B4D29ED47B6002CE389 /* Build configuration list for PBXNativeTarget "testReplayKitTests" */ = {
			isa = XCConfigurationList;
			buildConfigurations = (
				53C51B4E29ED47B6002CE389 /* Debug */,
				53C51B4F29ED47B6002CE389 /* Release */,
			);
			defaultConfigurationIsVisible = 0;
			defaultConfigurationName = Release;
		};
		53C51B5029ED47B6002CE389 /* Build configuration list for PBXNativeTarget "testReplayKitUITests" */ = {
			isa = XCConfigurationList;
			buildConfigurations = (
				53C51B5129ED47B6002CE389 /* Debug */,
				53C51B5229ED47B6002CE389 /* Release */,
			);
			defaultConfigurationIsVisible = 0;
			defaultConfigurationName = Release;
		};
/* End XCConfigurationList section */
	};
	rootObject = 53C51B1329ED47B4002CE389 /* Project object */;
}
